
Microsoft Visual Studio Solution File, Format Version 12.00
# Visual Studio 15
VisualStudioVersion = 15.0.26430.12
MinimumVisualStudioVersion = 10.0.40219.1
Project("{FAE04EC0-301F-11D3-BF4B-00C04F79EFBC}") = "Misho.Security.Cryptography.Windows", "Misho.Security.Cryptography.Windows\Misho.Security.Cryptography.Windows.csproj", "{D25801F9-5990-45A4-91D3-31A0CCFD18B0}"
EndProject
Project("{9A19103F-16F7-4668-BE54-9A1E7A4F7556}") = "Misho.Security.Cryptography.Core", "Misho.Security.Cryptography.Core\Misho.Security.Cryptography.Core.csproj", "{824F9A84-0472-4BB1-9B15-313C6055C630}"
EndProject
Project("{FAE04EC0-301F-11D3-BF4B-00C04F79EFBC}") = "Misho.Security.Cryptography.Android", "Misho.Security.Cryptography.Android\Misho.Security.Cryptography.Android.csproj", "{3137FD25-1C1E-4302-89FE-09F53CCFDD73}"
EndProject
Project("{FAE04EC0-301F-11D3-BF4B-00C04F79EFBC}") = "Misho.Security.Cryptography.iOS", "Misho.Security.Cryptography.iOS\Misho.Security.Cryptography.iOS.csproj", "{96A52E44-0A69-4626-B16C-64C4923DA029}"
EndProject
Project("{2150E333-8FDC-42A3-9474-1A3956D46DE8}") = "Sources", "Sources", "{F25E418E-10E6-4E51-8386-4A65876DEB02}"
	ProjectSection(SolutionItems) = preProject
		Sources\BigInteger.cs = Sources\BigInteger.cs
		Sources\DamiengCrc32.cs = Sources\DamiengCrc32.cs
		Sources\ForceCrc32.cs = Sources\ForceCrc32.cs
		Sources\SafeProxy.cs = Sources\SafeProxy.cs
	EndProjectSection
EndProject
Global
	GlobalSection(SolutionConfigurationPlatforms) = preSolution
		Debug|Any CPU = Debug|Any CPU
		Release|Any CPU = Release|Any CPU
	EndGlobalSection
	GlobalSection(ProjectConfigurationPlatforms) = postSolution
		{D25801F9-5990-45A4-91D3-31A0CCFD18B0}.Debug|Any CPU.ActiveCfg = Debug|Any CPU
		{D25801F9-5990-45A4-91D3-31A0CCFD18B0}.Debug|Any CPU.Build.0 = Debug|Any CPU
		{D25801F9-5990-45A4-91D3-31A0CCFD18B0}.Release|Any CPU.ActiveCfg = Release|Any CPU
		{D25801F9-5990-45A4-91D3-31A0CCFD18B0}.Release|Any CPU.Build.0 = Release|Any CPU
		{824F9A84-0472-4BB1-9B15-313C6055C630}.Debug|Any CPU.ActiveCfg = Debug|Any CPU
		{824F9A84-0472-4BB1-9B15-313C6055C630}.Debug|Any CPU.Build.0 = Debug|Any CPU
		{824F9A84-0472-4BB1-9B15-313C6055C630}.Release|Any CPU.ActiveCfg = Release|Any CPU
		{824F9A84-0472-4BB1-9B15-313C6055C630}.Release|Any CPU.Build.0 = Release|Any CPU
		{3137FD25-1C1E-4302-89FE-09F53CCFDD73}.Debug|Any CPU.ActiveCfg = Debug|Any CPU
		{3137FD25-1C1E-4302-89FE-09F53CCFDD73}.Debug|Any CPU.Build.0 = Debug|Any CPU
		{3137FD25-1C1E-4302-89FE-09F53CCFDD73}.Release|Any CPU.ActiveCfg = Release|Any CPU
		{3137FD25-1C1E-4302-89FE-09F53CCFDD73}.Release|Any CPU.Build.0 = Release|Any CPU
		{96A52E44-0A69-4626-B16C-64C4923DA029}.Debug|Any CPU.ActiveCfg = Debug|Any CPU
		{96A52E44-0A69-4626-B16C-64C4923DA029}.Debug|Any CPU.Build.0 = Debug|Any CPU
		{96A52E44-0A69-4626-B16C-64C4923DA029}.Release|Any CPU.ActiveCfg = Release|Any CPU
		{96A52E44-0A69-4626-B16C-64C4923DA029}.Release|Any CPU.Build.0 = Release|Any CPU
	EndGlobalSection
	GlobalSection(SolutionProperties) = preSolution
		HideSolutionNode = FALSE
	EndGlobalSection
EndGlobal
